
Microsoft Visual Studio Solution File, Format Version 12.00
# Visual Studio 15
Project("{FAE04EC0-301F-11D3-BF4B-00C04F79EFBC}") = "Assembly-CSharp", "Assembly-CSharp.csproj", "{6F88649D-6FE8-045F-9F34-B3A8B0629840}"
EndProject
Project("{FAE04EC0-301F-11D3-BF4B-00C04F79EFBC}") = "Assembly-CSharp-Editor", "Assembly-CSharp-Editor.csproj", "{D504CC50-00DF-3BE1-FBD0-50797C90552B}"
EndProject
Global
	GlobalSection(SolutionConfigurationPlatforms) = preSolution
		Debug|Any CPU = Debug|Any CPU
		Release|Any CPU = Release|Any CPU
	EndGlobalSection
	GlobalSection(ProjectConfigurationPlatforms) = postSolution
		{6F88649D-6FE8-045F-9F34-B3A8B0629840}.Debug|Any CPU.ActiveCfg = Debug|Any CPU
		{6F88649D-6FE8-045F-9F34-B3A8B0629840}.Debug|Any CPU.Build.0 = Debug|Any CPU
		{6F88649D-6FE8-045F-9F34-B3A8B0629840}.Release|Any CPU.ActiveCfg = Release|Any CPU
		{6F88649D-6FE8-045F-9F34-B3A8B0629840}.Release|Any CPU.Build.0 = Release|Any CPU
		{D504CC50-00DF-3BE1-FBD0-50797C90552B}.Debug|Any CPU.ActiveCfg = Debug|Any CPU
		{D504CC50-00DF-3BE1-FBD0-50797C90552B}.Debug|Any CPU.Build.0 = Debug|Any CPU
		{D504CC50-00DF-3BE1-FBD0-50797C90552B}.Release|Any CPU.ActiveCfg = Release|Any CPU
		{D504CC50-00DF-3BE1-FBD0-50797C90552B}.Release|Any CPU.Build.0 = Release|Any CPU
	EndGlobalSection
	GlobalSection(SolutionProperties) = preSolution
		HideSolutionNode = FALSE
	EndGlobalSection
EndGlobal
