
Microsoft Visual Studio Solution File, Format Version 12.00
# Visual Studio 15
Project("{FAE04EC0-301F-11D3-BF4B-00C04F79EFBC}") = "Assembly-CSharp", "Assembly-CSharp.csproj", "{4E6F967B-8284-C0C4-7852-39891950D347}"
EndProject
Project("{FAE04EC0-301F-11D3-BF4B-00C04F79EFBC}") = "Assembly-CSharp-Editor", "Assembly-CSharp-Editor.csproj", "{1D286813-8574-AB0E-BB2B-EAED13B2BF11}"
EndProject
Global
	GlobalSection(SolutionConfigurationPlatforms) = preSolution
		Debug|Any CPU = Debug|Any CPU
		Release|Any CPU = Release|Any CPU
	EndGlobalSection
	GlobalSection(ProjectConfigurationPlatforms) = postSolution
		{4E6F967B-8284-C0C4-7852-39891950D347}.Debug|Any CPU.ActiveCfg = Debug|Any CPU
		{4E6F967B-8284-C0C4-7852-39891950D347}.Debug|Any CPU.Build.0 = Debug|Any CPU
		{4E6F967B-8284-C0C4-7852-39891950D347}.Release|Any CPU.ActiveCfg = Release|Any CPU
		{4E6F967B-8284-C0C4-7852-39891950D347}.Release|Any CPU.Build.0 = Release|Any CPU
		{1D286813-8574-AB0E-BB2B-EAED13B2BF11}.Debug|Any CPU.ActiveCfg = Debug|Any CPU
		{1D286813-8574-AB0E-BB2B-EAED13B2BF11}.Debug|Any CPU.Build.0 = Debug|Any CPU
		{1D286813-8574-AB0E-BB2B-EAED13B2BF11}.Release|Any CPU.ActiveCfg = Release|Any CPU
		{1D286813-8574-AB0E-BB2B-EAED13B2BF11}.Release|Any CPU.Build.0 = Release|Any CPU
	EndGlobalSection
	GlobalSection(SolutionProperties) = preSolution
		HideSolutionNode = FALSE
	EndGlobalSection
EndGlobal
